// !$*UTF8*$!
{
	archiveVersion = 1;
	classes = {
	};
	objectVersion = 56;
	objects = {

/* Begin PBXBuildFile section */
		9F216DBF2B0EC6C200EE6364 /* ProfileThreadFilter.swift in Sources */ = {isa = PBXBuildFile; fileRef = 9F216DBE2B0EC6C200EE6364 /* ProfileThreadFilter.swift */; };
		9F5363242B0BF3DB00D5990B /* ThreadsTabView.swift in Sources */ = {isa = PBXBuildFile; fileRef = 9F5363232B0BF3DB00D5990B /* ThreadsTabView.swift */; };
		9F5363282B0BF75B00D5990B /* FeedView.swift in Sources */ = {isa = PBXBuildFile; fileRef = 9F5363272B0BF75B00D5990B /* FeedView.swift */; };
		9F53632F2B0BF88800D5990B /* ProfileView.swift in Sources */ = {isa = PBXBuildFile; fileRef = 9F53632E2B0BF88800D5990B /* ProfileView.swift */; };
		9F5363322B0BF8A100D5990B /* CreateThreadView.swift in Sources */ = {isa = PBXBuildFile; fileRef = 9F5363312B0BF8A100D5990B /* CreateThreadView.swift */; };
		9F5363352B0BF8B500D5990B /* ActivityView.swift in Sources */ = {isa = PBXBuildFile; fileRef = 9F5363342B0BF8B500D5990B /* ActivityView.swift */; };
		9F5363382B0BF8C200D5990B /* ExplorerView.swift in Sources */ = {isa = PBXBuildFile; fileRef = 9F5363372B0BF8C200D5990B /* ExplorerView.swift */; };
		9F53633A2B0BFB1600D5990B /* ThreadCell.swift in Sources */ = {isa = PBXBuildFile; fileRef = 9F5363392B0BFB1600D5990B /* ThreadCell.swift */; };
		9F53633D2B0C085900D5990B /* CircularProfileView.swift in Sources */ = {isa = PBXBuildFile; fileRef = 9F53633C2B0C085900D5990B /* CircularProfileView.swift */; };
		9F53633F2B0C08F600D5990B /* UserCell.swift in Sources */ = {isa = PBXBuildFile; fileRef = 9F53633E2B0C08F600D5990B /* UserCell.swift */; };
		9F95D98B2B12787100D64BFA /* EditProfileView.swift in Sources */ = {isa = PBXBuildFile; fileRef = 9F95D98A2B12787100D64BFA /* EditProfileView.swift */; };
		9F95D98D2B12840900D64BFA /* GoogleService-Info.plist in Resources */ = {isa = PBXBuildFile; fileRef = 9F95D98C2B12840900D64BFA /* GoogleService-Info.plist */; };
		9F95D9902B1284AE00D64BFA /* FirebaseAuth in Frameworks */ = {isa = PBXBuildFile; productRef = 9F95D98F2B1284AE00D64BFA /* FirebaseAuth */; };
		9F95D9922B1284AE00D64BFA /* FirebaseFirestore in Frameworks */ = {isa = PBXBuildFile; productRef = 9F95D9912B1284AE00D64BFA /* FirebaseFirestore */; };
		9F95D9942B1284AE00D64BFA /* FirebaseFirestoreSwift in Frameworks */ = {isa = PBXBuildFile; productRef = 9F95D9932B1284AE00D64BFA /* FirebaseFirestoreSwift */; };
		9F95D9962B1284AE00D64BFA /* FirebaseStorage in Frameworks */ = {isa = PBXBuildFile; productRef = 9F95D9952B1284AE00D64BFA /* FirebaseStorage */; };
		9F95D99A2B12964200D64BFA /* RegistrationViewModel.swift in Sources */ = {isa = PBXBuildFile; fileRef = 9F95D9992B12964200D64BFA /* RegistrationViewModel.swift */; };
		9F95D99C2B12978800D64BFA /* AuthService.swift in Sources */ = {isa = PBXBuildFile; fileRef = 9F95D99B2B12978800D64BFA /* AuthService.swift */; };
		9F95D9A22B129C1000D64BFA /* ContentViewModel.swift in Sources */ = {isa = PBXBuildFile; fileRef = 9F95D9A12B129C1000D64BFA /* ContentViewModel.swift */; };
		9F95D9A42B12A12600D64BFA /* LoginViewModel.swift in Sources */ = {isa = PBXBuildFile; fileRef = 9F95D9A32B12A12600D64BFA /* LoginViewModel.swift */; };
		9F95D9A62B12A51900D64BFA /* User.swift in Sources */ = {isa = PBXBuildFile; fileRef = 9F95D9A52B12A51900D64BFA /* User.swift */; };
		9F95D9A82B12A75500D64BFA /* UserService.swift in Sources */ = {isa = PBXBuildFile; fileRef = 9F95D9A72B12A75500D64BFA /* UserService.swift */; };
		9F95D9AB2B12A88500D64BFA /* CurrentUserProfileViewModel.swift in Sources */ = {isa = PBXBuildFile; fileRef = 9F95D9AA2B12A88500D64BFA /* CurrentUserProfileViewModel.swift */; };
		9FBC0F3B2B1E6F77000C70B9 /* ExplorerViewModel.swift in Sources */ = {isa = PBXBuildFile; fileRef = 9FBC0F3A2B1E6F77000C70B9 /* ExplorerViewModel.swift */; };
		9FBC0F3D2B1E71A3000C70B9 /* PreviewProvider.swift in Sources */ = {isa = PBXBuildFile; fileRef = 9FBC0F3C2B1E71A3000C70B9 /* PreviewProvider.swift */; };
		9FBC0F412B1E75BF000C70B9 /* CurrentUserProfileView.swift in Sources */ = {isa = PBXBuildFile; fileRef = 9FBC0F402B1E75BF000C70B9 /* CurrentUserProfileView.swift */; };
		9FBC0F452B1E9161000C70B9 /* ProfileHeaderView.swift in Sources */ = {isa = PBXBuildFile; fileRef = 9FBC0F442B1E9161000C70B9 /* ProfileHeaderView.swift */; };
		9FBC0F472B1E94D4000C70B9 /* UserContentListView.swift in Sources */ = {isa = PBXBuildFile; fileRef = 9FBC0F462B1E94D4000C70B9 /* UserContentListView.swift */; };
		9FDF57212B0A98EB00A63C55 /* treadsApp.swift in Sources */ = {isa = PBXBuildFile; fileRef = 9FDF57202B0A98EB00A63C55 /* treadsApp.swift */; };
		9FDF57232B0A98EB00A63C55 /* ContentView.swift in Sources */ = {isa = PBXBuildFile; fileRef = 9FDF57222B0A98EB00A63C55 /* ContentView.swift */; };
		9FDF57252B0A98ED00A63C55 /* Assets.xcassets in Resources */ = {isa = PBXBuildFile; fileRef = 9FDF57242B0A98ED00A63C55 /* Assets.xcassets */; };
		9FDF57282B0A98ED00A63C55 /* Preview Assets.xcassets in Resources */ = {isa = PBXBuildFile; fileRef = 9FDF57272B0A98ED00A63C55 /* Preview Assets.xcassets */; };
		9FDF57382B0A99F700A63C55 /* LoginView.swift in Sources */ = {isa = PBXBuildFile; fileRef = 9FDF57372B0A99F700A63C55 /* LoginView.swift */; };
		9FDF573A2B0AA0C500A63C55 /* RegistrationView.swift in Sources */ = {isa = PBXBuildFile; fileRef = 9FDF57392B0AA0C500A63C55 /* RegistrationView.swift */; };
		9FDF573D2B0AA23B00A63C55 /* ThreadsFieldTextModifiers.swift in Sources */ = {isa = PBXBuildFile; fileRef = 9FDF573C2B0AA23B00A63C55 /* ThreadsFieldTextModifiers.swift */; };
/* End PBXBuildFile section */

/* Begin PBXFileReference section */
		9F216DBE2B0EC6C200EE6364 /* ProfileThreadFilter.swift */ = {isa = PBXFileReference; lastKnownFileType = sourcecode.swift; path = ProfileThreadFilter.swift; sourceTree = "<group>"; };
		9F5363232B0BF3DB00D5990B /* ThreadsTabView.swift */ = {isa = PBXFileReference; lastKnownFileType = sourcecode.swift; path = ThreadsTabView.swift; sourceTree = "<group>"; };
		9F5363272B0BF75B00D5990B /* FeedView.swift */ = {isa = PBXFileReference; lastKnownFileType = sourcecode.swift; path = FeedView.swift; sourceTree = "<group>"; };
		9F53632E2B0BF88800D5990B /* ProfileView.swift */ = {isa = PBXFileReference; lastKnownFileType = sourcecode.swift; path = ProfileView.swift; sourceTree = "<group>"; };
		9F5363312B0BF8A100D5990B /* CreateThreadView.swift */ = {isa = PBXFileReference; lastKnownFileType = sourcecode.swift; path = CreateThreadView.swift; sourceTree = "<group>"; };
		9F5363342B0BF8B500D5990B /* ActivityView.swift */ = {isa = PBXFileReference; lastKnownFileType = sourcecode.swift; path = ActivityView.swift; sourceTree = "<group>"; };
		9F5363372B0BF8C200D5990B /* ExplorerView.swift */ = {isa = PBXFileReference; lastKnownFileType = sourcecode.swift; path = ExplorerView.swift; sourceTree = "<group>"; };
		9F5363392B0BFB1600D5990B /* ThreadCell.swift */ = {isa = PBXFileReference; lastKnownFileType = sourcecode.swift; path = ThreadCell.swift; sourceTree = "<group>"; };
		9F53633C2B0C085900D5990B /* CircularProfileView.swift */ = {isa = PBXFileReference; lastKnownFileType = sourcecode.swift; path = CircularProfileView.swift; sourceTree = "<group>"; };
		9F53633E2B0C08F600D5990B /* UserCell.swift */ = {isa = PBXFileReference; lastKnownFileType = sourcecode.swift; path = UserCell.swift; sourceTree = "<group>"; };
		9F95D98A2B12787100D64BFA /* EditProfileView.swift */ = {isa = PBXFileReference; lastKnownFileType = sourcecode.swift; path = EditProfileView.swift; sourceTree = "<group>"; };
		9F95D98C2B12840900D64BFA /* GoogleService-Info.plist */ = {isa = PBXFileReference; fileEncoding = 4; lastKnownFileType = text.plist.xml; path = "GoogleService-Info.plist"; sourceTree = "<group>"; };
		9F95D9992B12964200D64BFA /* RegistrationViewModel.swift */ = {isa = PBXFileReference; lastKnownFileType = sourcecode.swift; path = RegistrationViewModel.swift; sourceTree = "<group>"; };
		9F95D99B2B12978800D64BFA /* AuthService.swift */ = {isa = PBXFileReference; lastKnownFileType = sourcecode.swift; path = AuthService.swift; sourceTree = "<group>"; };
		9F95D9A12B129C1000D64BFA /* ContentViewModel.swift */ = {isa = PBXFileReference; lastKnownFileType = sourcecode.swift; path = ContentViewModel.swift; sourceTree = "<group>"; };
		9F95D9A32B12A12600D64BFA /* LoginViewModel.swift */ = {isa = PBXFileReference; lastKnownFileType = sourcecode.swift; path = LoginViewModel.swift; sourceTree = "<group>"; };
		9F95D9A52B12A51900D64BFA /* User.swift */ = {isa = PBXFileReference; lastKnownFileType = sourcecode.swift; path = User.swift; sourceTree = "<group>"; };
		9F95D9A72B12A75500D64BFA /* UserService.swift */ = {isa = PBXFileReference; lastKnownFileType = sourcecode.swift; path = UserService.swift; sourceTree = "<group>"; };
		9F95D9AA2B12A88500D64BFA /* CurrentUserProfileViewModel.swift */ = {isa = PBXFileReference; lastKnownFileType = sourcecode.swift; path = CurrentUserProfileViewModel.swift; sourceTree = "<group>"; };
		9FBC0F3A2B1E6F77000C70B9 /* ExplorerViewModel.swift */ = {isa = PBXFileReference; lastKnownFileType = sourcecode.swift; path = ExplorerViewModel.swift; sourceTree = "<group>"; };
		9FBC0F3C2B1E71A3000C70B9 /* PreviewProvider.swift */ = {isa = PBXFileReference; lastKnownFileType = sourcecode.swift; path = PreviewProvider.swift; sourceTree = "<group>"; };
		9FBC0F402B1E75BF000C70B9 /* CurrentUserProfileView.swift */ = {isa = PBXFileReference; lastKnownFileType = sourcecode.swift; path = CurrentUserProfileView.swift; sourceTree = "<group>"; };
		9FBC0F442B1E9161000C70B9 /* ProfileHeaderView.swift */ = {isa = PBXFileReference; lastKnownFileType = sourcecode.swift; path = ProfileHeaderView.swift; sourceTree = "<group>"; };
		9FBC0F462B1E94D4000C70B9 /* UserContentListView.swift */ = {isa = PBXFileReference; lastKnownFileType = sourcecode.swift; path = UserContentListView.swift; sourceTree = "<group>"; };
		9FDF571D2B0A98EB00A63C55 /* treads.app */ = {isa = PBXFileReference; explicitFileType = wrapper.application; includeInIndex = 0; path = treads.app; sourceTree = BUILT_PRODUCTS_DIR; };
		9FDF57202B0A98EB00A63C55 /* treadsApp.swift */ = {isa = PBXFileReference; lastKnownFileType = sourcecode.swift; path = treadsApp.swift; sourceTree = "<group>"; };
		9FDF57222B0A98EB00A63C55 /* ContentView.swift */ = {isa = PBXFileReference; lastKnownFileType = sourcecode.swift; path = ContentView.swift; sourceTree = "<group>"; };
		9FDF57242B0A98ED00A63C55 /* Assets.xcassets */ = {isa = PBXFileReference; lastKnownFileType = folder.assetcatalog; path = Assets.xcassets; sourceTree = "<group>"; };
		9FDF57272B0A98ED00A63C55 /* Preview Assets.xcassets */ = {isa = PBXFileReference; lastKnownFileType = folder.assetcatalog; path = "Preview Assets.xcassets"; sourceTree = "<group>"; };
		9FDF57372B0A99F700A63C55 /* LoginView.swift */ = {isa = PBXFileReference; lastKnownFileType = sourcecode.swift; path = LoginView.swift; sourceTree = "<group>"; };
		9FDF57392B0AA0C500A63C55 /* RegistrationView.swift */ = {isa = PBXFileReference; lastKnownFileType = sourcecode.swift; path = RegistrationView.swift; sourceTree = "<group>"; };
		9FDF573C2B0AA23B00A63C55 /* ThreadsFieldTextModifiers.swift */ = {isa = PBXFileReference; lastKnownFileType = sourcecode.swift; path = ThreadsFieldTextModifiers.swift; sourceTree = "<group>"; };
/* End PBXFileReference section */

/* Begin PBXFrameworksBuildPhase section */
		9FDF571A2B0A98EB00A63C55 /* Frameworks */ = {
			isa = PBXFrameworksBuildPhase;
			buildActionMask = 2147483647;
			files = (
				9F95D9902B1284AE00D64BFA /* FirebaseAuth in Frameworks */,
				9F95D9962B1284AE00D64BFA /* FirebaseStorage in Frameworks */,
				9F95D9922B1284AE00D64BFA /* FirebaseFirestore in Frameworks */,
				9F95D9942B1284AE00D64BFA /* FirebaseFirestoreSwift in Frameworks */,
			);
			runOnlyForDeploymentPostprocessing = 0;
		};
/* End PBXFrameworksBuildPhase section */

/* Begin PBXGroup section */
		9F216DBD2B0EC6A900EE6364 /* Model */ = {
			isa = PBXGroup;
			children = (
				9F216DBE2B0EC6C200EE6364 /* ProfileThreadFilter.swift */,
			);
			path = Model;
			sourceTree = "<group>";
		};
		9F5363222B0BF2EF00D5990B /* TabBar */ = {
			isa = PBXGroup;
			children = (
				9F5363232B0BF3DB00D5990B /* ThreadsTabView.swift */,
			);
			path = TabBar;
			sourceTree = "<group>";
		};
		9F5363252B0BF74500D5990B /* Feed */ = {
			isa = PBXGroup;
			children = (
				9F5363262B0BF74D00D5990B /* View */,
			);
			path = Feed;
			sourceTree = "<group>";
		};
		9F5363262B0BF74D00D5990B /* View */ = {
			isa = PBXGroup;
			children = (
				9F5363272B0BF75B00D5990B /* FeedView.swift */,
				9F5363392B0BFB1600D5990B /* ThreadCell.swift */,
			);
			path = View;
			sourceTree = "<group>";
		};
		9F5363292B0BF85C00D5990B /* Explorer */ = {
			isa = PBXGroup;
			children = (
				9FBC0F392B1E6EB0000C70B9 /* VIewModel */,
				9F5363362B0BF8BA00D5990B /* View */,
			);
			path = Explorer;
			sourceTree = "<group>";
		};
		9F53632A2B0BF86100D5990B /* Activity */ = {
			isa = PBXGroup;
			children = (
				9F5363332B0BF8A600D5990B /* View */,
			);
			path = Activity;
			sourceTree = "<group>";
		};
		9F53632B2B0BF86900D5990B /* CreateThread */ = {
			isa = PBXGroup;
			children = (
				9F5363302B0BF89100D5990B /* View */,
			);
			path = CreateThread;
			sourceTree = "<group>";
		};
		9F53632C2B0BF87000D5990B /* Profile */ = {
			isa = PBXGroup;
			children = (
				9FBC0F432B1E912A000C70B9 /* Components */,
				9FBC0F3E2B1E7577000C70B9 /* CurrentUserProfile */,
				9F95D9A92B12A86F00D64BFA /* ViewModel */,
				9F95D9882B12783500D64BFA /* EditProfile */,
				9F216DBD2B0EC6A900EE6364 /* Model */,
				9F53632D2B0BF87700D5990B /* UserProfile */,
			);
			path = Profile;
			sourceTree = "<group>";
		};
		9F53632D2B0BF87700D5990B /* UserProfile */ = {
			isa = PBXGroup;
			children = (
				9F53632E2B0BF88800D5990B /* ProfileView.swift */,
			);
			path = UserProfile;
			sourceTree = "<group>";
		};
		9F5363302B0BF89100D5990B /* View */ = {
			isa = PBXGroup;
			children = (
				9F5363312B0BF8A100D5990B /* CreateThreadView.swift */,
			);
			path = View;
			sourceTree = "<group>";
		};
		9F5363332B0BF8A600D5990B /* View */ = {
			isa = PBXGroup;
			children = (
				9F5363342B0BF8B500D5990B /* ActivityView.swift */,
			);
			path = View;
			sourceTree = "<group>";
		};
		9F5363362B0BF8BA00D5990B /* View */ = {
			isa = PBXGroup;
			children = (
				9F5363372B0BF8C200D5990B /* ExplorerView.swift */,
			);
			path = View;
			sourceTree = "<group>";
		};
		9F53633B2B0C083E00D5990B /* Components */ = {
			isa = PBXGroup;
			children = (
				9F53633C2B0C085900D5990B /* CircularProfileView.swift */,
				9F53633E2B0C08F600D5990B /* UserCell.swift */,
			);
			path = Components;
			sourceTree = "<group>";
		};
		9F95D9882B12783500D64BFA /* EditProfile */ = {
			isa = PBXGroup;
			children = (
				9F95D9892B12785900D64BFA /* View */,
			);
			path = EditProfile;
			sourceTree = "<group>";
		};
		9F95D9892B12785900D64BFA /* View */ = {
			isa = PBXGroup;
			children = (
				9F95D98A2B12787100D64BFA /* EditProfileView.swift */,
			);
			path = View;
			sourceTree = "<group>";
		};
		9F95D9972B12962500D64BFA /* Service */ = {
			isa = PBXGroup;
			children = (
				9F95D99B2B12978800D64BFA /* AuthService.swift */,
			);
			path = Service;
			sourceTree = "<group>";
		};
		9F95D9982B12962B00D64BFA /* ViewModel */ = {
			isa = PBXGroup;
			children = (
				9F95D9992B12964200D64BFA /* RegistrationViewModel.swift */,
				9F95D9A32B12A12600D64BFA /* LoginViewModel.swift */,
			);
			path = ViewModel;
			sourceTree = "<group>";
		};
		9F95D99F2B129BE600D64BFA /* ViewModel */ = {
			isa = PBXGroup;
			children = (
				9F95D9A12B129C1000D64BFA /* ContentViewModel.swift */,
			);
			path = ViewModel;
			sourceTree = "<group>";
		};
		9F95D9A02B129BF000D64BFA /* View */ = {
			isa = PBXGroup;
			children = (
				9FDF57222B0A98EB00A63C55 /* ContentView.swift */,
			);
			path = View;
			sourceTree = "<group>";
		};
		9F95D9A92B12A86F00D64BFA /* ViewModel */ = {
			isa = PBXGroup;
			children = (
			);
			path = ViewModel;
			sourceTree = "<group>";
		};
		9FBC0F392B1E6EB0000C70B9 /* VIewModel */ = {
			isa = PBXGroup;
			children = (
				9FBC0F3A2B1E6F77000C70B9 /* ExplorerViewModel.swift */,
			);
			path = VIewModel;
			sourceTree = "<group>";
		};
		9FBC0F3E2B1E7577000C70B9 /* CurrentUserProfile */ = {
			isa = PBXGroup;
			children = (
				9FBC0F422B1E7670000C70B9 /* ViewModel */,
				9FBC0F3F2B1E75AC000C70B9 /* View */,
			);
			path = CurrentUserProfile;
			sourceTree = "<group>";
		};
		9FBC0F3F2B1E75AC000C70B9 /* View */ = {
			isa = PBXGroup;
			children = (
				9FBC0F402B1E75BF000C70B9 /* CurrentUserProfileView.swift */,
			);
			path = View;
			sourceTree = "<group>";
		};
		9FBC0F422B1E7670000C70B9 /* ViewModel */ = {
			isa = PBXGroup;
			children = (
				9F95D9AA2B12A88500D64BFA /* CurrentUserProfileViewModel.swift */,
			);
			path = ViewModel;
			sourceTree = "<group>";
		};
		9FBC0F432B1E912A000C70B9 /* Components */ = {
			isa = PBXGroup;
			children = (
				9FBC0F442B1E9161000C70B9 /* ProfileHeaderView.swift */,
				9FBC0F462B1E94D4000C70B9 /* UserContentListView.swift */,
			);
			path = Components;
			sourceTree = "<group>";
		};
		9FDF57142B0A98EB00A63C55 = {
			isa = PBXGroup;
			children = (
				9FDF571F2B0A98EB00A63C55 /* treads */,
				9FDF571E2B0A98EB00A63C55 /* Products */,
			);
			sourceTree = "<group>";
		};
		9FDF571E2B0A98EB00A63C55 /* Products */ = {
			isa = PBXGroup;
			children = (
				9FDF571D2B0A98EB00A63C55 /* treads.app */,
			);
			name = Products;
			sourceTree = "<group>";
		};
		9FDF571F2B0A98EB00A63C55 /* treads */ = {
			isa = PBXGroup;
			children = (
				9FDF57332B0A998A00A63C55 /* Services */,
				9FDF57322B0A998500A63C55 /* Model */,
				9FDF57312B0A997D00A63C55 /* Extensions */,
				9FDF57302B0A997500A63C55 /* Utils */,
				9FDF572F2B0A997100A63C55 /* Core */,
				9FDF572E2B0A996800A63C55 /* App */,
				9F95D98C2B12840900D64BFA /* GoogleService-Info.plist */,
				9FDF57242B0A98ED00A63C55 /* Assets.xcassets */,
				9FDF57262B0A98ED00A63C55 /* Preview Content */,
			);
			path = treads;
			sourceTree = "<group>";
		};
		9FDF57262B0A98ED00A63C55 /* Preview Content */ = {
			isa = PBXGroup;
			children = (
				9FDF57272B0A98ED00A63C55 /* Preview Assets.xcassets */,
			);
			path = "Preview Content";
			sourceTree = "<group>";
		};
		9FDF572E2B0A996800A63C55 /* App */ = {
			isa = PBXGroup;
			children = (
				9FDF57202B0A98EB00A63C55 /* treadsApp.swift */,
			);
			path = App;
			sourceTree = "<group>";
		};
		9FDF572F2B0A997100A63C55 /* Core */ = {
			isa = PBXGroup;
			children = (
				9F53633B2B0C083E00D5990B /* Components */,
				9F53632C2B0BF87000D5990B /* Profile */,
				9F53632B2B0BF86900D5990B /* CreateThread */,
				9F53632A2B0BF86100D5990B /* Activity */,
				9F5363292B0BF85C00D5990B /* Explorer */,
				9F5363252B0BF74500D5990B /* Feed */,
				9FDF57342B0A99CE00A63C55 /* Authentication */,
				9FDF57352B0A99D800A63C55 /* Root */,
				9F5363222B0BF2EF00D5990B /* TabBar */,
			);
			path = Core;
			sourceTree = "<group>";
		};
		9FDF57302B0A997500A63C55 /* Utils */ = {
			isa = PBXGroup;
			children = (
				9FDF573B2B0AA21600A63C55 /* ViewModifiers */,
			);
			path = Utils;
			sourceTree = "<group>";
		};
		9FDF57312B0A997D00A63C55 /* Extensions */ = {
			isa = PBXGroup;
			children = (
				9FBC0F3C2B1E71A3000C70B9 /* PreviewProvider.swift */,
			);
			path = Extensions;
			sourceTree = "<group>";
		};
		9FDF57322B0A998500A63C55 /* Model */ = {
			isa = PBXGroup;
			children = (
				9F95D9A52B12A51900D64BFA /* User.swift */,
			);
			path = Model;
			sourceTree = "<group>";
		};
		9FDF57332B0A998A00A63C55 /* Services */ = {
			isa = PBXGroup;
			children = (
				9F95D9A72B12A75500D64BFA /* UserService.swift */,
			);
			path = Services;
			sourceTree = "<group>";
		};
		9FDF57342B0A99CE00A63C55 /* Authentication */ = {
			isa = PBXGroup;
			children = (
				9F95D9982B12962B00D64BFA /* ViewModel */,
				9F95D9972B12962500D64BFA /* Service */,
				9FDF57362B0A99DD00A63C55 /* Views */,
			);
			path = Authentication;
			sourceTree = "<group>";
		};
		9FDF57352B0A99D800A63C55 /* Root */ = {
			isa = PBXGroup;
			children = (
				9F95D9A02B129BF000D64BFA /* View */,
				9F95D99F2B129BE600D64BFA /* ViewModel */,
			);
			path = Root;
			sourceTree = "<group>";
		};
		9FDF57362B0A99DD00A63C55 /* Views */ = {
			isa = PBXGroup;
			children = (
				9FDF57372B0A99F700A63C55 /* LoginView.swift */,
				9FDF57392B0AA0C500A63C55 /* RegistrationView.swift */,
			);
			path = Views;
			sourceTree = "<group>";
		};
		9FDF573B2B0AA21600A63C55 /* ViewModifiers */ = {
			isa = PBXGroup;
			children = (
				9FDF573C2B0AA23B00A63C55 /* ThreadsFieldTextModifiers.swift */,
			);
			path = ViewModifiers;
			sourceTree = "<group>";
		};
/* End PBXGroup section */

/* Begin PBXNativeTarget section */
		9FDF571C2B0A98EB00A63C55 /* treads */ = {
			isa = PBXNativeTarget;
			buildConfigurationList = 9FDF572B2B0A98ED00A63C55 /* Build configuration list for PBXNativeTarget "treads" */;
			buildPhases = (
				9FDF57192B0A98EB00A63C55 /* Sources */,
				9FDF571A2B0A98EB00A63C55 /* Frameworks */,
				9FDF571B2B0A98EB00A63C55 /* Resources */,
			);
			buildRules = (
			);
			dependencies = (
			);
			name = treads;
			packageProductDependencies = (
				9F95D98F2B1284AE00D64BFA /* FirebaseAuth */,
				9F95D9912B1284AE00D64BFA /* FirebaseFirestore */,
				9F95D9932B1284AE00D64BFA /* FirebaseFirestoreSwift */,
				9F95D9952B1284AE00D64BFA /* FirebaseStorage */,
			);
			productName = treads;
			productReference = 9FDF571D2B0A98EB00A63C55 /* treads.app */;
			productType = "com.apple.product-type.application";
		};
/* End PBXNativeTarget section */

/* Begin PBXProject section */
		9FDF57152B0A98EB00A63C55 /* Project object */ = {
			isa = PBXProject;
			attributes = {
				BuildIndependentTargetsInParallel = 1;
				LastSwiftUpdateCheck = 1430;
				LastUpgradeCheck = 1430;
				TargetAttributes = {
					9FDF571C2B0A98EB00A63C55 = {
						CreatedOnToolsVersion = 14.3;
					};
				};
			};
			buildConfigurationList = 9FDF57182B0A98EB00A63C55 /* Build configuration list for PBXProject "treads" */;
			compatibilityVersion = "Xcode 14.0";
			developmentRegion = en;
			hasScannedForEncodings = 0;
			knownRegions = (
				en,
				Base,
			);
			mainGroup = 9FDF57142B0A98EB00A63C55;
			packageReferences = (
				9F95D98E2B1284AE00D64BFA /* XCRemoteSwiftPackageReference "firebase-ios-sdk" */,
			);
			productRefGroup = 9FDF571E2B0A98EB00A63C55 /* Products */;
			projectDirPath = "";
			projectRoot = "";
			targets = (
				9FDF571C2B0A98EB00A63C55 /* treads */,
			);
		};
/* End PBXProject section */

/* Begin PBXResourcesBuildPhase section */
		9FDF571B2B0A98EB00A63C55 /* Resources */ = {
			isa = PBXResourcesBuildPhase;
			buildActionMask = 2147483647;
			files = (
				9FDF57282B0A98ED00A63C55 /* Preview Assets.xcassets in Resources */,
				9FDF57252B0A98ED00A63C55 /* Assets.xcassets in Resources */,
				9F95D98D2B12840900D64BFA /* GoogleService-Info.plist in Resources */,
			);
			runOnlyForDeploymentPostprocessing = 0;
		};
/* End PBXResourcesBuildPhase section */

/* Begin PBXSourcesBuildPhase section */
		9FDF57192B0A98EB00A63C55 /* Sources */ = {
			isa = PBXSourcesBuildPhase;
			buildActionMask = 2147483647;
			files = (
				9F53632F2B0BF88800D5990B /* ProfileView.swift in Sources */,
				9F95D99A2B12964200D64BFA /* RegistrationViewModel.swift in Sources */,
				9F5363282B0BF75B00D5990B /* FeedView.swift in Sources */,
				9F95D99C2B12978800D64BFA /* AuthService.swift in Sources */,
				9FBC0F3D2B1E71A3000C70B9 /* PreviewProvider.swift in Sources */,
				9F95D98B2B12787100D64BFA /* EditProfileView.swift in Sources */,
				9FDF57382B0A99F700A63C55 /* LoginView.swift in Sources */,
				9F95D9A82B12A75500D64BFA /* UserService.swift in Sources */,
				9F53633A2B0BFB1600D5990B /* ThreadCell.swift in Sources */,
				9FBC0F472B1E94D4000C70B9 /* UserContentListView.swift in Sources */,
				9F5363352B0BF8B500D5990B /* ActivityView.swift in Sources */,
				9F95D9A42B12A12600D64BFA /* LoginViewModel.swift in Sources */,
				9F5363322B0BF8A100D5990B /* CreateThreadView.swift in Sources */,
				9F53633F2B0C08F600D5990B /* UserCell.swift in Sources */,
				9FDF57232B0A98EB00A63C55 /* ContentView.swift in Sources */,
				9F216DBF2B0EC6C200EE6364 /* ProfileThreadFilter.swift in Sources */,
				9F95D9A22B129C1000D64BFA /* ContentViewModel.swift in Sources */,
				9F95D9AB2B12A88500D64BFA /* CurrentUserProfileViewModel.swift in Sources */,
				9F5363242B0BF3DB00D5990B /* ThreadsTabView.swift in Sources */,
				9FDF573D2B0AA23B00A63C55 /* ThreadsFieldTextModifiers.swift in Sources */,
				9FBC0F412B1E75BF000C70B9 /* CurrentUserProfileView.swift in Sources */,
				9FDF57212B0A98EB00A63C55 /* treadsApp.swift in Sources */,
				9FDF573A2B0AA0C500A63C55 /* RegistrationView.swift in Sources */,
				9FBC0F452B1E9161000C70B9 /* ProfileHeaderView.swift in Sources */,
				9F53633D2B0C085900D5990B /* CircularProfileView.swift in Sources */,
				9F5363382B0BF8C200D5990B /* ExplorerView.swift in Sources */,
				9F95D9A62B12A51900D64BFA /* User.swift in Sources */,
				9FBC0F3B2B1E6F77000C70B9 /* ExplorerViewModel.swift in Sources */,
			);
			runOnlyForDeploymentPostprocessing = 0;
		};
/* End PBXSourcesBuildPhase section */

/* Begin XCBuildConfiguration section */
		9FDF57292B0A98ED00A63C55 /* Debug */ = {
			isa = XCBuildConfiguration;
			buildSettings = {
				ALWAYS_SEARCH_USER_PATHS = NO;
				CLANG_ANALYZER_NONNULL = YES;
				CLANG_ANALYZER_NUMBER_OBJECT_CONVERSION = YES_AGGRESSIVE;
				CLANG_CXX_LANGUAGE_STANDARD = "gnu++20";
				CLANG_ENABLE_MODULES = YES;
				CLANG_ENABLE_OBJC_ARC = YES;
				CLANG_ENABLE_OBJC_WEAK = YES;
				CLANG_WARN_BLOCK_CAPTURE_AUTORELEASING = YES;
				CLANG_WARN_BOOL_CONVERSION = YES;
				CLANG_WARN_COMMA = YES;
				CLANG_WARN_CONSTANT_CONVERSION = YES;
				CLANG_WARN_DEPRECATED_OBJC_IMPLEMENTATIONS = YES;
				CLANG_WARN_DIRECT_OBJC_ISA_USAGE = YES_ERROR;
				CLANG_WARN_DOCUMENTATION_COMMENTS = YES;
				CLANG_WARN_EMPTY_BODY = YES;
				CLANG_WARN_ENUM_CONVERSION = YES;
				CLANG_WARN_INFINITE_RECURSION = YES;
				CLANG_WARN_INT_CONVERSION = YES;
				CLANG_WARN_NON_LITERAL_NULL_CONVERSION = YES;
				CLANG_WARN_OBJC_IMPLICIT_RETAIN_SELF = YES;
				CLANG_WARN_OBJC_LITERAL_CONVERSION = YES;
				CLANG_WARN_OBJC_ROOT_CLASS = YES_ERROR;
				CLANG_WARN_QUOTED_INCLUDE_IN_FRAMEWORK_HEADER = YES;
				CLANG_WARN_RANGE_LOOP_ANALYSIS = YES;
				CLANG_WARN_STRICT_PROTOTYPES = YES;
				CLANG_WARN_SUSPICIOUS_MOVE = YES;
				CLANG_WARN_UNGUARDED_AVAILABILITY = YES_AGGRESSIVE;
				CLANG_WARN_UNREACHABLE_CODE = YES;
				CLANG_WARN__DUPLICATE_METHOD_MATCH = YES;
				COPY_PHASE_STRIP = NO;
				DEBUG_INFORMATION_FORMAT = dwarf;
				ENABLE_STRICT_OBJC_MSGSEND = YES;
				ENABLE_TESTABILITY = YES;
				GCC_C_LANGUAGE_STANDARD = gnu11;
				GCC_DYNAMIC_NO_PIC = NO;
				GCC_NO_COMMON_BLOCKS = YES;
				GCC_OPTIMIZATION_LEVEL = 0;
				GCC_PREPROCESSOR_DEFINITIONS = (
					"DEBUG=1",
					"$(inherited)",
				);
				GCC_WARN_64_TO_32_BIT_CONVERSION = YES;
				GCC_WARN_ABOUT_RETURN_TYPE = YES_ERROR;
				GCC_WARN_UNDECLARED_SELECTOR = YES;
				GCC_WARN_UNINITIALIZED_AUTOS = YES_AGGRESSIVE;
				GCC_WARN_UNUSED_FUNCTION = YES;
				GCC_WARN_UNUSED_VARIABLE = YES;
				IPHONEOS_DEPLOYMENT_TARGET = 16.4;
				MTL_ENABLE_DEBUG_INFO = INCLUDE_SOURCE;
				MTL_FAST_MATH = YES;
				ONLY_ACTIVE_ARCH = YES;
				SDKROOT = iphoneos;
				SWIFT_ACTIVE_COMPILATION_CONDITIONS = DEBUG;
				SWIFT_OPTIMIZATION_LEVEL = "-Onone";
			};
			name = Debug;
		};
		9FDF572A2B0A98ED00A63C55 /* Release */ = {
			isa = XCBuildConfiguration;
			buildSettings = {
				ALWAYS_SEARCH_USER_PATHS = NO;
				CLANG_ANALYZER_NONNULL = YES;
				CLANG_ANALYZER_NUMBER_OBJECT_CONVERSION = YES_AGGRESSIVE;
				CLANG_CXX_LANGUAGE_STANDARD = "gnu++20";
				CLANG_ENABLE_MODULES = YES;
				CLANG_ENABLE_OBJC_ARC = YES;
				CLANG_ENABLE_OBJC_WEAK = YES;
				CLANG_WARN_BLOCK_CAPTURE_AUTORELEASING = YES;
				CLANG_WARN_BOOL_CONVERSION = YES;
				CLANG_WARN_COMMA = YES;
				CLANG_WARN_CONSTANT_CONVERSION = YES;
				CLANG_WARN_DEPRECATED_OBJC_IMPLEMENTATIONS = YES;
				CLANG_WARN_DIRECT_OBJC_ISA_USAGE = YES_ERROR;
				CLANG_WARN_DOCUMENTATION_COMMENTS = YES;
				CLANG_WARN_EMPTY_BODY = YES;
				CLANG_WARN_ENUM_CONVERSION = YES;
				CLANG_WARN_INFINITE_RECURSION = YES;
				CLANG_WARN_INT_CONVERSION = YES;
				CLANG_WARN_NON_LITERAL_NULL_CONVERSION = YES;
				CLANG_WARN_OBJC_IMPLICIT_RETAIN_SELF = YES;
				CLANG_WARN_OBJC_LITERAL_CONVERSION = YES;
				CLANG_WARN_OBJC_ROOT_CLASS = YES_ERROR;
				CLANG_WARN_QUOTED_INCLUDE_IN_FRAMEWORK_HEADER = YES;
				CLANG_WARN_RANGE_LOOP_ANALYSIS = YES;
				CLANG_WARN_STRICT_PROTOTYPES = YES;
				CLANG_WARN_SUSPICIOUS_MOVE = YES;
				CLANG_WARN_UNGUARDED_AVAILABILITY = YES_AGGRESSIVE;
				CLANG_WARN_UNREACHABLE_CODE = YES;
				CLANG_WARN__DUPLICATE_METHOD_MATCH = YES;
				COPY_PHASE_STRIP = NO;
				DEBUG_INFORMATION_FORMAT = "dwarf-with-dsym";
				ENABLE_NS_ASSERTIONS = NO;
				ENABLE_STRICT_OBJC_MSGSEND = YES;
				GCC_C_LANGUAGE_STANDARD = gnu11;
				GCC_NO_COMMON_BLOCKS = YES;
				GCC_WARN_64_TO_32_BIT_CONVERSION = YES;
				GCC_WARN_ABOUT_RETURN_TYPE = YES_ERROR;
				GCC_WARN_UNDECLARED_SELECTOR = YES;
				GCC_WARN_UNINITIALIZED_AUTOS = YES_AGGRESSIVE;
				GCC_WARN_UNUSED_FUNCTION = YES;
				GCC_WARN_UNUSED_VARIABLE = YES;
				IPHONEOS_DEPLOYMENT_TARGET = 16.4;
				MTL_ENABLE_DEBUG_INFO = NO;
				MTL_FAST_MATH = YES;
				SDKROOT = iphoneos;
				SWIFT_COMPILATION_MODE = wholemodule;
				SWIFT_OPTIMIZATION_LEVEL = "-O";
				VALIDATE_PRODUCT = YES;
			};
			name = Release;
		};
		9FDF572C2B0A98ED00A63C55 /* Debug */ = {
			isa = XCBuildConfiguration;
			buildSettings = {
				ASSETCATALOG_COMPILER_APPICON_NAME = AppIcon;
				ASSETCATALOG_COMPILER_GLOBAL_ACCENT_COLOR_NAME = AccentColor;
				CODE_SIGN_STYLE = Automatic;
				CURRENT_PROJECT_VERSION = 1;
				DEVELOPMENT_ASSET_PATHS = "\"treads/Preview Content\"";
				DEVELOPMENT_TEAM = 676Y7Q29M8;
				ENABLE_PREVIEWS = YES;
				GENERATE_INFOPLIST_FILE = YES;
				INFOPLIST_KEY_UIApplicationSceneManifest_Generation = YES;
				INFOPLIST_KEY_UIApplicationSupportsIndirectInputEvents = YES;
				INFOPLIST_KEY_UILaunchScreen_Generation = YES;
				INFOPLIST_KEY_UISupportedInterfaceOrientations_iPad = "UIInterfaceOrientationPortrait UIInterfaceOrientationPortraitUpsideDown UIInterfaceOrientationLandscapeLeft UIInterfaceOrientationLandscapeRight";
				INFOPLIST_KEY_UISupportedInterfaceOrientations_iPhone = "UIInterfaceOrientationPortrait UIInterfaceOrientationLandscapeLeft UIInterfaceOrientationLandscapeRight";
				LD_RUNPATH_SEARCH_PATHS = (
					"$(inherited)",
					"@executable_path/Frameworks",
				);
				MARKETING_VERSION = 1.0;
				PRODUCT_BUNDLE_IDENTIFIER = com.agustincarbajal.treads;
				PRODUCT_NAME = "$(TARGET_NAME)";
				SWIFT_EMIT_LOC_STRINGS = YES;
				SWIFT_VERSION = 5.0;
				TARGETED_DEVICE_FAMILY = "1,2";
			};
			name = Debug;
		};
		9FDF572D2B0A98ED00A63C55 /* Release */ = {
			isa = XCBuildConfiguration;
			buildSettings = {
				ASSETCATALOG_COMPILER_APPICON_NAME = AppIcon;
				ASSETCATALOG_COMPILER_GLOBAL_ACCENT_COLOR_NAME = AccentColor;
				CODE_SIGN_STYLE = Automatic;
				CURRENT_PROJECT_VERSION = 1;
				DEVELOPMENT_ASSET_PATHS = "\"treads/Preview Content\"";
				DEVELOPMENT_TEAM = 676Y7Q29M8;
				ENABLE_PREVIEWS = YES;
				GENERATE_INFOPLIST_FILE = YES;
				INFOPLIST_KEY_UIApplicationSceneManifest_Generation = YES;
				INFOPLIST_KEY_UIApplicationSupportsIndirectInputEvents = YES;
				INFOPLIST_KEY_UILaunchScreen_Generation = YES;
				INFOPLIST_KEY_UISupportedInterfaceOrientations_iPad = "UIInterfaceOrientationPortrait UIInterfaceOrientationPortraitUpsideDown UIInterfaceOrientationLandscapeLeft UIInterfaceOrientationLandscapeRight";
				INFOPLIST_KEY_UISupportedInterfaceOrientations_iPhone = "UIInterfaceOrientationPortrait UIInterfaceOrientationLandscapeLeft UIInterfaceOrientationLandscapeRight";
				LD_RUNPATH_SEARCH_PATHS = (
					"$(inherited)",
					"@executable_path/Frameworks",
				);
				MARKETING_VERSION = 1.0;
				PRODUCT_BUNDLE_IDENTIFIER = com.agustincarbajal.treads;
				PRODUCT_NAME = "$(TARGET_NAME)";
				SWIFT_EMIT_LOC_STRINGS = YES;
				SWIFT_VERSION = 5.0;
				TARGETED_DEVICE_FAMILY = "1,2";
			};
			name = Release;
		};
/* End XCBuildConfiguration section */

/* Begin XCConfigurationList section */
		9FDF57182B0A98EB00A63C55 /* Build configuration list for PBXProject "treads" */ = {
			isa = XCConfigurationList;
			buildConfigurations = (
				9FDF57292B0A98ED00A63C55 /* Debug */,
				9FDF572A2B0A98ED00A63C55 /* Release */,
			);
			defaultConfigurationIsVisible = 0;
			defaultConfigurationName = Release;
		};
		9FDF572B2B0A98ED00A63C55 /* Build configuration list for PBXNativeTarget "treads" */ = {
			isa = XCConfigurationList;
			buildConfigurations = (
				9FDF572C2B0A98ED00A63C55 /* Debug */,
				9FDF572D2B0A98ED00A63C55 /* Release */,
			);
			defaultConfigurationIsVisible = 0;
			defaultConfigurationName = Release;
		};
/* End XCConfigurationList section */

/* Begin XCRemoteSwiftPackageReference section */
		9F95D98E2B1284AE00D64BFA /* XCRemoteSwiftPackageReference "firebase-ios-sdk" */ = {
			isa = XCRemoteSwiftPackageReference;
			repositoryURL = "https://github.com/firebase/firebase-ios-sdk";
			requirement = {
				kind = upToNextMajorVersion;
				minimumVersion = 10.0.0;
			};
		};
/* End XCRemoteSwiftPackageReference section */

/* Begin XCSwiftPackageProductDependency section */
		9F95D98F2B1284AE00D64BFA /* FirebaseAuth */ = {
			isa = XCSwiftPackageProductDependency;
			package = 9F95D98E2B1284AE00D64BFA /* XCRemoteSwiftPackageReference "firebase-ios-sdk" */;
			productName = FirebaseAuth;
		};
		9F95D9912B1284AE00D64BFA /* FirebaseFirestore */ = {
			isa = XCSwiftPackageProductDependency;
			package = 9F95D98E2B1284AE00D64BFA /* XCRemoteSwiftPackageReference "firebase-ios-sdk" */;
			productName = FirebaseFirestore;
		};
		9F95D9932B1284AE00D64BFA /* FirebaseFirestoreSwift */ = {
			isa = XCSwiftPackageProductDependency;
			package = 9F95D98E2B1284AE00D64BFA /* XCRemoteSwiftPackageReference "firebase-ios-sdk" */;
			productName = FirebaseFirestoreSwift;
		};
		9F95D9952B1284AE00D64BFA /* FirebaseStorage */ = {
			isa = XCSwiftPackageProductDependency;
			package = 9F95D98E2B1284AE00D64BFA /* XCRemoteSwiftPackageReference "firebase-ios-sdk" */;
			productName = FirebaseStorage;
		};
/* End XCSwiftPackageProductDependency section */
	};
	rootObject = 9FDF57152B0A98EB00A63C55 /* Project object */;
}
